Microsoft Visual Studio Solution File, Format Version 12.00
# Visual Studio Version 16
VisualStudioVersion = 16.0.29102.190
MinimumVisualStudioVersion = 10.0.40219.1
Project("{9A19103F-16F7-4668-BE54-9A1E7A4F7556}") = "MedPark.Web", "MedPark.Web\MedPark.Web\MedPark.Web.csproj", "{46FE5361-F2A8-4046-B59A-7089B011C5C9}"
EndProject
Project("{2150E333-8FDC-42A3-9474-1A3956D46DE8}") = "Services", "Services", "{B2A28CF7-1CE6-4BAF-94A8-D536B70A4628}"
EndProject
Project("{2150E333-8FDC-42A3-9474-1A3956D46DE8}") = "Libraries", "Libraries", "{4BAB0ABD-131F-4209-B63F-F9C8736C8818}"
EndProject
Project("{9A19103F-16F7-4668-BE54-9A1E7A4F7556}") = "MedPark.CustomersService", "MedPark.Customers\MedPark.CustomersService.csproj", "{E6C434A7-2E15-41E5-86D9-9A1214D58564}"
EndProject
Project("{9A19103F-16F7-4668-BE54-9A1E7A4F7556}") = "MedPark.Common", "MedPark.Common\MedPark.Common.csproj", "{BBD56577-B955-4F91-A605-EB45F2FFA7B0}"
EndProject
Project("{9A19103F-16F7-4668-BE54-9A1E7A4F7556}") = "MedPark.Identity", "MedPark.Identity\MedPark.Identity.csproj", "{AA6D90C1-3174-4535-AA0F-953190CC40D7}"
EndProject
Project("{2150E333-8FDC-42A3-9474-1A3956D46DE8}") = "Gateways", "Gateways", "{3B3CBDAA-9FD1-4493-9BC5-7C239314CFAF}"
EndProject
Project("{9A19103F-16F7-4668-BE54-9A1E7A4F7556}") = "MedPark.API.Gateway", "MedPark.API.Gateway\MedPark.API.Gateway.csproj", "{C77D2A20-E124-45A5-AFE5-19DEE8898C8D}"
EndProject
Project("{9A19103F-16F7-4668-BE54-9A1E7A4F7556}") = "MedPark.MedicalPractice", "MedPark.MedicalPractice\MedPark.MedicalPractice.csproj", "{BDA646BD-CCE6-4635-AE96-C796AFD21B22}"
EndProject
Project("{2150E333-8FDC-42A3-9474-1A3956D46DE8}") = "Tests", "Tests", "{B3D526A4-EAE0-43E3-980D-7E9CE35373D2}"
EndProject
Project("{2150E333-8FDC-42A3-9474-1A3956D46DE8}") = "Customers.Tests", "Customers.Tests", "{93046606-966B-43F5-B530-C378AB54D7AC}"
EndProject
Project("{2150E333-8FDC-42A3-9474-1A3956D46DE8}") = "MedicalPractice.Tests", "MedicalPractice.Tests", "{5D312703-A7CD-434D-B85E-8B53065D1BDB}"
EndProject
Project("{9A19103F-16F7-4668-BE54-9A1E7A4F7556}") = "CustomerService.Tests", "CustomerService.Tests\CustomerService.Tests.csproj", "{BDEA91C9-15A7-41A4-B58F-301F103669A7}"
EndProject
Project("{9A19103F-16F7-4668-BE54-9A1E7A4F7556}") = "MedPark.MedicalPractice.Tests", "Test\MedPark.MedicalPractice.Tests\MedPark.MedicalPractice.Tests.csproj", "{5DDAC7B6-84C9-4440-80CC-8E5B74A634C6}"
EndProject
Project("{9A19103F-16F7-4668-BE54-9A1E7A4F7556}") = "MedPark.Bookings", "MedPark.Bookings\MedPark.Bookings.csproj", "{2572AB69-0790-48CE-B729-C64C26CD8AFD}"
EndProject
Project("{FAE04EC0-301F-11D3-BF4B-00C04F79EFBC}") = "MedPark.Catalog", "MedParl.Catalog\MedPark.Catalog.csproj", "{4F215AEB-84B9-4191-A52C-35A002177049}"
EndProject
Global
	GlobalSection(SolutionConfigurationPlatforms) = preSolution
		Console|Any CPU = Console|Any CPU
		Debug|Any CPU = Debug|Any CPU
		Release|Any CPU = Release|Any CPU
	EndGlobalSection
	GlobalSection(ProjectConfigurationPlatforms) = postSolution
		{46FE5361-F2A8-4046-B59A-7089B011C5C9}.Console|Any CPU.ActiveCfg = Console|Any CPU
		{46FE5361-F2A8-4046-B59A-7089B011C5C9}.Console|Any CPU.Build.0 = Console|Any CPU
		{46FE5361-F2A8-4046-B59A-7089B011C5C9}.Debug|Any CPU.ActiveCfg = Debug|Any CPU
		{46FE5361-F2A8-4046-B59A-7089B011C5C9}.Debug|Any CPU.Build.0 = Debug|Any CPU
		{46FE5361-F2A8-4046-B59A-7089B011C5C9}.Release|Any CPU.ActiveCfg = Release|Any CPU
		{46FE5361-F2A8-4046-B59A-7089B011C5C9}.Release|Any CPU.Build.0 = Release|Any CPU
		{E6C434A7-2E15-41E5-86D9-9A1214D58564}.Console|Any CPU.ActiveCfg = Console|Any CPU
		{E6C434A7-2E15-41E5-86D9-9A1214D58564}.Console|Any CPU.Build.0 = Console|Any CPU
		{E6C434A7-2E15-41E5-86D9-9A1214D58564}.Debug|Any CPU.ActiveCfg = Debug|Any CPU
		{E6C434A7-2E15-41E5-86D9-9A1214D58564}.Debug|Any CPU.Build.0 = Debug|Any CPU
		{E6C434A7-2E15-41E5-86D9-9A1214D58564}.Release|Any CPU.ActiveCfg = Release|Any CPU
		{E6C434A7-2E15-41E5-86D9-9A1214D58564}.Release|Any CPU.Build.0 = Release|Any CPU
		{BBD56577-B955-4F91-A605-EB45F2FFA7B0}.Console|Any CPU.ActiveCfg = Console|Any CPU
		{BBD56577-B955-4F91-A605-EB45F2FFA7B0}.Console|Any CPU.Build.0 = Console|Any CPU
		{BBD56577-B955-4F91-A605-EB45F2FFA7B0}.Debug|Any CPU.ActiveCfg = Debug|Any CPU
		{BBD56577-B955-4F91-A605-EB45F2FFA7B0}.Debug|Any CPU.Build.0 = Debug|Any CPU
		{BBD56577-B955-4F91-A605-EB45F2FFA7B0}.Release|Any CPU.ActiveCfg = Release|Any CPU
		{BBD56577-B955-4F91-A605-EB45F2FFA7B0}.Release|Any CPU.Build.0 = Release|Any CPU
		{AA6D90C1-3174-4535-AA0F-953190CC40D7}.Console|Any CPU.ActiveCfg = Console|Any CPU
		{AA6D90C1-3174-4535-AA0F-953190CC40D7}.Console|Any CPU.Build.0 = Console|Any CPU
		{AA6D90C1-3174-4535-AA0F-953190CC40D7}.Debug|Any CPU.ActiveCfg = Debug|Any CPU
		{AA6D90C1-3174-4535-AA0F-953190CC40D7}.Debug|Any CPU.Build.0 = Debug|Any CPU
		{AA6D90C1-3174-4535-AA0F-953190CC40D7}.Release|Any CPU.ActiveCfg = Release|Any CPU
		{AA6D90C1-3174-4535-AA0F-953190CC40D7}.Release|Any CPU.Build.0 = Release|Any CPU
		{C77D2A20-E124-45A5-AFE5-19DEE8898C8D}.Console|Any CPU.ActiveCfg = Console|Any CPU
		{C77D2A20-E124-45A5-AFE5-19DEE8898C8D}.Console|Any CPU.Build.0 = Console|Any CPU
		{C77D2A20-E124-45A5-AFE5-19DEE8898C8D}.Debug|Any CPU.ActiveCfg = Debug|Any CPU
		{C77D2A20-E124-45A5-AFE5-19DEE8898C8D}.Debug|Any CPU.Build.0 = Debug|Any CPU
		{C77D2A20-E124-45A5-AFE5-19DEE8898C8D}.Release|Any CPU.ActiveCfg = Release|Any CPU
		{C77D2A20-E124-45A5-AFE5-19DEE8898C8D}.Release|Any CPU.Build.0 = Release|Any CPU
		{BDA646BD-CCE6-4635-AE96-C796AFD21B22}.Console|Any CPU.ActiveCfg = Console|Any CPU
		{BDA646BD-CCE6-4635-AE96-C796AFD21B22}.Console|Any CPU.Build.0 = Console|Any CPU
		{BDA646BD-CCE6-4635-AE96-C796AFD21B22}.Debug|Any CPU.ActiveCfg = Debug|Any CPU
		{BDA646BD-CCE6-4635-AE96-C796AFD21B22}.Debug|Any CPU.Build.0 = Debug|Any CPU
		{BDA646BD-CCE6-4635-AE96-C796AFD21B22}.Release|Any CPU.ActiveCfg = Release|Any CPU
		{BDA646BD-CCE6-4635-AE96-C796AFD21B22}.Release|Any CPU.Build.0 = Release|Any CPU
		{BDEA91C9-15A7-41A4-B58F-301F103669A7}.Console|Any CPU.ActiveCfg = Console|Any CPU
		{BDEA91C9-15A7-41A4-B58F-301F103669A7}.Console|Any CPU.Build.0 = Console|Any CPU
		{BDEA91C9-15A7-41A4-B58F-301F103669A7}.Debug|Any CPU.ActiveCfg = Debug|Any CPU
		{BDEA91C9-15A7-41A4-B58F-301F103669A7}.Debug|Any CPU.Build.0 = Debug|Any CPU
		{BDEA91C9-15A7-41A4-B58F-301F103669A7}.Release|Any CPU.ActiveCfg = Release|Any CPU
		{BDEA91C9-15A7-41A4-B58F-301F103669A7}.Release|Any CPU.Build.0 = Release|Any CPU
		{5DDAC7B6-84C9-4440-80CC-8E5B74A634C6}.Console|Any CPU.ActiveCfg = Console|Any CPU
		{5DDAC7B6-84C9-4440-80CC-8E5B74A634C6}.Console|Any CPU.Build.0 = Console|Any CPU
		{5DDAC7B6-84C9-4440-80CC-8E5B74A634C6}.Debug|Any CPU.ActiveCfg = Debug|Any CPU
		{5DDAC7B6-84C9-4440-80CC-8E5B74A634C6}.Debug|Any CPU.Build.0 = Debug|Any CPU
		{5DDAC7B6-84C9-4440-80CC-8E5B74A634C6}.Release|Any CPU.ActiveCfg = Release|Any CPU
		{5DDAC7B6-84C9-4440-80CC-8E5B74A634C6}.Release|Any CPU.Build.0 = Release|Any CPU
		{2572AB69-0790-48CE-B729-C64C26CD8AFD}.Console|Any CPU.ActiveCfg = Console|Any CPU
		{2572AB69-0790-48CE-B729-C64C26CD8AFD}.Console|Any CPU.Build.0 = Console|Any CPU
		{2572AB69-0790-48CE-B729-C64C26CD8AFD}.Debug|Any CPU.ActiveCfg = Debug|Any CPU
		{2572AB69-0790-48CE-B729-C64C26CD8AFD}.Debug|Any CPU.Build.0 = Debug|Any CPU
		{2572AB69-0790-48CE-B729-C64C26CD8AFD}.Release|Any CPU.ActiveCfg = Release|Any CPU
		{2572AB69-0790-48CE-B729-C64C26CD8AFD}.Release|Any CPU.Build.0 = Release|Any CPU
		{4F215AEB-84B9-4191-A52C-35A002177049}.Console|Any CPU.ActiveCfg = Debug|Any CPU
		{4F215AEB-84B9-4191-A52C-35A002177049}.Console|Any CPU.Build.0 = Debug|Any CPU
		{4F215AEB-84B9-4191-A52C-35A002177049}.Debug|Any CPU.ActiveCfg = Debug|Any CPU
		{4F215AEB-84B9-4191-A52C-35A002177049}.Debug|Any CPU.Build.0 = Debug|Any CPU
		{4F215AEB-84B9-4191-A52C-35A002177049}.Release|Any CPU.ActiveCfg = Release|Any CPU
		{4F215AEB-84B9-4191-A52C-35A002177049}.Release|Any CPU.Build.0 = Release|Any CPU
	EndGlobalSection
	GlobalSection(SolutionProperties) = preSolution
		HideSolutionNode = FALSE
	EndGlobalSection
	GlobalSection(NestedProjects) = preSolution
		{E6C434A7-2E15-41E5-86D9-9A1214D58564} = {B2A28CF7-1CE6-4BAF-94A8-D536B70A4628}
		{BBD56577-B955-4F91-A605-EB45F2FFA7B0} = {4BAB0ABD-131F-4209-B63F-F9C8736C8818}
		{AA6D90C1-3174-4535-AA0F-953190CC40D7} = {B2A28CF7-1CE6-4BAF-94A8-D536B70A4628}
		{C77D2A20-E124-45A5-AFE5-19DEE8898C8D} = {3B3CBDAA-9FD1-4493-9BC5-7C239314CFAF}
		{BDA646BD-CCE6-4635-AE96-C796AFD21B22} = {B2A28CF7-1CE6-4BAF-94A8-D536B70A4628}
		{93046606-966B-43F5-B530-C378AB54D7AC} = {B3D526A4-EAE0-43E3-980D-7E9CE35373D2}
		{5D312703-A7CD-434D-B85E-8B53065D1BDB} = {B3D526A4-EAE0-43E3-980D-7E9CE35373D2}
		{BDEA91C9-15A7-41A4-B58F-301F103669A7} = {93046606-966B-43F5-B530-C378AB54D7AC}
		{5DDAC7B6-84C9-4440-80CC-8E5B74A634C6} = {5D312703-A7CD-434D-B85E-8B53065D1BDB}
		{2572AB69-0790-48CE-B729-C64C26CD8AFD} = {B2A28CF7-1CE6-4BAF-94A8-D536B70A4628}
		{4F215AEB-84B9-4191-A52C-35A002177049} = {B2A28CF7-1CE6-4BAF-94A8-D536B70A4628}
	EndGlobalSection
	GlobalSection(ExtensibilityGlobals) = postSolution
		SolutionGuid = {39740E51-064A-4FD5-9C8A-A5A257825D44}
	EndGlobalSection
EndGlobal
